
Microsoft Visual Studio Solution File, Format Version 12.00
# Visual Studio Version 17
VisualStudioVersion = 17.9.34701.34
MinimumVisualStudioVersion = 10.0.40219.1
Project("{FAE04EC0-301F-11D3-BF4B-00C04F79EFBC}") = "TodoListApp", "TodoListApp.csproj", "{DC676F1C-B247-4AEF-B380-A54AF3F18107}"
EndProject
Global
	GlobalSection(SolutionConfigurationPlatforms) = preSolution
		Debug|Any CPU = Debug|Any CPU
		Release|Any CPU = Release|Any CPU
	EndGlobalSection
	GlobalSection(ProjectConfigurationPlatforms) = postSolution
		{DC676F1C-B247-4AEF-B380-A54AF3F18107}.Debug|Any CPU.ActiveCfg = Debug|Any CPU
		{DC676F1C-B247-4AEF-B380-A54AF3F18107}.Debug|Any CPU.Build.0 = Debug|Any CPU
		{DC676F1C-B247-4AEF-B380-A54AF3F18107}.Release|Any CPU.ActiveCfg = Release|Any CPU
		{DC676F1C-B247-4AEF-B380-A54AF3F18107}.Release|Any CPU.Build.0 = Release|Any CPU
	EndGlobalSection
	GlobalSection(SolutionProperties) = preSolution
		HideSolutionNode = FALSE
	EndGlobalSection
	GlobalSection(ExtensibilityGlobals) = postSolution
		SolutionGuid = {7EE0C141-110A-4BD1-B4B5-4D47F3EAD31A}
	EndGlobalSection
EndGlobal
